
Microsoft Visual Studio Solution File, Format Version 12.00
# Visual Studio Version 16
VisualStudioVersion = 16.0.31424.327
MinimumVisualStudioVersion = 10.0.40219.1
Project("{FAE04EC0-301F-11D3-BF4B-00C04F79EFBC}") = "Sysncweb", "Sysncweb\Sysncweb.csproj", "{59931C81-63F2-40E5-B1C5-A78EFA4AE598}"
EndProject
Global
	GlobalSection(SolutionConfigurationPlatforms) = preSolution
		Debug|Any CPU = Debug|Any CPU
		Release|Any CPU = Release|Any CPU
	EndGlobalSection
	GlobalSection(ProjectConfigurationPlatforms) = postSolution
		{59931C81-63F2-40E5-B1C5-A78EFA4AE598}.Debug|Any CPU.ActiveCfg = Debug|Any CPU
		{59931C81-63F2-40E5-B1C5-A78EFA4AE598}.Debug|Any CPU.Build.0 = Debug|Any CPU
		{59931C81-63F2-40E5-B1C5-A78EFA4AE598}.Release|Any CPU.ActiveCfg = Release|Any CPU
		{59931C81-63F2-40E5-B1C5-A78EFA4AE598}.Release|Any CPU.Build.0 = Release|Any CPU
	EndGlobalSection
	GlobalSection(SolutionProperties) = preSolution
		HideSolutionNode = FALSE
	EndGlobalSection
	GlobalSection(ExtensibilityGlobals) = postSolution
		SolutionGuid = {A0603C66-BD9E-404D-946A-81ED0BD5A709}
	EndGlobalSection
EndGlobal
